// !$*UTF8*$!
{
	archiveVersion = 1;
	classes = {
	};
	objectVersion = 46;
	objects = {

/* Begin PBXBuildFile section */
		3000D8EE145D1029009FC3EC /* PdBase.cpp in Sources */ = {isa = PBXBuildFile; fileRef = 3000D8E8145D1029009FC3EC /* PdBase.cpp */; };
		3000D8EF145D1029009FC3EC /* PdTypes.cpp in Sources */ = {isa = PBXBuildFile; fileRef = 3000D8EC145D1029009FC3EC /* PdTypes.cpp */; };
		30B2D0C1142B2C7A000AB5E1 /* AppCore.cpp in Sources */ = {isa = PBXBuildFile; fileRef = 30B2D0BF142B2C7A000AB5E1 /* AppCore.cpp */; };
		30B2D135142B2CA5000AB5E1 /* ofxPd.cpp in Sources */ = {isa = PBXBuildFile; fileRef = 30B2D0C4142B2CA5000AB5E1 /* ofxPd.cpp */; };
		30B2D137142B2CA5000AB5E1 /* s_libpdmidi.c in Sources */ = {isa = PBXBuildFile; fileRef = 30B2D0CB142B2CA5000AB5E1 /* s_libpdmidi.c */; };
		30B2D138142B2CA5000AB5E1 /* x_libpdreceive.c in Sources */ = {isa = PBXBuildFile; fileRef = 30B2D0CC142B2CA5000AB5E1 /* x_libpdreceive.c */; };
		30B2D139142B2CA5000AB5E1 /* z_libpd.c in Sources */ = {isa = PBXBuildFile; fileRef = 30B2D0CE142B2CA5000AB5E1 /* z_libpd.c */; };
		30B2D13A142B2CA5000AB5E1 /* choice.c in Sources */ = {isa = PBXBuildFile; fileRef = 30B2D0D5142B2CA5000AB5E1 /* choice.c */; };
		30B2D13B142B2CA5000AB5E1 /* pique.c in Sources */ = {isa = PBXBuildFile; fileRef = 30B2D0DD142B2CA5000AB5E1 /* pique.c */; };
		30B2D13C142B2CA5000AB5E1 /* stdout.c in Sources */ = {isa = PBXBuildFile; fileRef = 30B2D0E9142B2CA5000AB5E1 /* stdout.c */; };
		30B2D13D142B2CA5000AB5E1 /* d_arithmetic.c in Sources */ = {isa = PBXBuildFile; fileRef = 30B2D0EB142B2CA5000AB5E1 /* d_arithmetic.c */; };
		30B2D13E142B2CA5000AB5E1 /* d_array.c in Sources */ = {isa = PBXBuildFile; fileRef = 30B2D0EC142B2CA5000AB5E1 /* d_array.c */; };
		30B2D13F142B2CA5000AB5E1 /* d_ctl.c in Sources */ = {isa = PBXBuildFile; fileRef = 30B2D0ED142B2CA5000AB5E1 /* d_ctl.c */; };
		30B2D140142B2CA5000AB5E1 /* d_dac.c in Sources */ = {isa = PBXBuildFile; fileRef = 30B2D0EE142B2CA5000AB5E1 /* d_dac.c */; };
		30B2D141142B2CA5000AB5E1 /* d_delay.c in Sources */ = {isa = PBXBuildFile; fileRef = 30B2D0EF142B2CA5000AB5E1 /* d_delay.c */; };
		30B2D142142B2CA5000AB5E1 /* d_fft.c in Sources */ = {isa = PBXBuildFile; fileRef = 30B2D0F0142B2CA5000AB5E1 /* d_fft.c */; };
		30B2D143142B2CA5000AB5E1 /* d_fft_mayer.c in Sources */ = {isa = PBXBuildFile; fileRef = 30B2D0F1142B2CA5000AB5E1 /* d_fft_mayer.c */; };
		30B2D144142B2CA5000AB5E1 /* d_fftroutine.c in Sources */ = {isa = PBXBuildFile; fileRef = 30B2D0F2142B2CA5000AB5E1 /* d_fftroutine.c */; };
		30B2D145142B2CA5000AB5E1 /* d_filter.c in Sources */ = {isa = PBXBuildFile; fileRef = 30B2D0F3142B2CA5000AB5E1 /* d_filter.c */; };
		30B2D146142B2CA5000AB5E1 /* d_global.c in Sources */ = {isa = PBXBuildFile; fileRef = 30B2D0F4142B2CA5000AB5E1 /* d_global.c */; };
		30B2D147142B2CA5000AB5E1 /* d_math.c in Sources */ = {isa = PBXBuildFile; fileRef = 30B2D0F5142B2CA5000AB5E1 /* d_math.c */; };
		30B2D148142B2CA5000AB5E1 /* d_misc.c in Sources */ = {isa = PBXBuildFile; fileRef = 30B2D0F6142B2CA5000AB5E1 /* d_misc.c */; };
		30B2D149142B2CA5000AB5E1 /* d_osc.c in Sources */ = {isa = PBXBuildFile; fileRef = 30B2D0F7142B2CA5000AB5E1 /* d_osc.c */; };
		30B2D14A142B2CA5000AB5E1 /* d_resample.c in Sources */ = {isa = PBXBuildFile; fileRef = 30B2D0F8142B2CA5000AB5E1 /* d_resample.c */; };
		30B2D14B142B2CA5000AB5E1 /* d_soundfile.c in Sources */ = {isa = PBXBuildFile; fileRef = 30B2D0F9142B2CA5000AB5E1 /* d_soundfile.c */; };
		30B2D14C142B2CA5000AB5E1 /* d_ugen.c in Sources */ = {isa = PBXBuildFile; fileRef = 30B2D0FA142B2CA5000AB5E1 /* d_ugen.c */; };
		30B2D14D142B2CA5000AB5E1 /* g_all_guis.c in Sources */ = {isa = PBXBuildFile; fileRef = 30B2D0FB142B2CA5000AB5E1 /* g_all_guis.c */; };
		30B2D14E142B2CA5000AB5E1 /* g_array.c in Sources */ = {isa = PBXBuildFile; fileRef = 30B2D0FD142B2CA5000AB5E1 /* g_array.c */; };
		30B2D14F142B2CA5000AB5E1 /* g_bang.c in Sources */ = {isa = PBXBuildFile; fileRef = 30B2D0FE142B2CA5000AB5E1 /* g_bang.c */; };
		30B2D150142B2CA5000AB5E1 /* g_canvas.c in Sources */ = {isa = PBXBuildFile; fileRef = 30B2D0FF142B2CA5000AB5E1 /* g_canvas.c */; };
		30B2D151142B2CA5000AB5E1 /* g_editor.c in Sources */ = {isa = PBXBuildFile; fileRef = 30B2D101142B2CA5000AB5E1 /* g_editor.c */; };
		30B2D152142B2CA5000AB5E1 /* g_graph.c in Sources */ = {isa = PBXBuildFile; fileRef = 30B2D102142B2CA5000AB5E1 /* g_graph.c */; };
		30B2D153142B2CA5000AB5E1 /* g_guiconnect.c in Sources */ = {isa = PBXBuildFile; fileRef = 30B2D103142B2CA5000AB5E1 /* g_guiconnect.c */; };
		30B2D154142B2CA5000AB5E1 /* g_hdial.c in Sources */ = {isa = PBXBuildFile; fileRef = 30B2D104142B2CA5000AB5E1 /* g_hdial.c */; };
		30B2D155142B2CA5000AB5E1 /* g_hslider.c in Sources */ = {isa = PBXBuildFile; fileRef = 30B2D105142B2CA5000AB5E1 /* g_hslider.c */; };
		30B2D156142B2CA5000AB5E1 /* g_io.c in Sources */ = {isa = PBXBuildFile; fileRef = 30B2D106142B2CA5000AB5E1 /* g_io.c */; };
		30B2D157142B2CA5000AB5E1 /* g_mycanvas.c in Sources */ = {isa = PBXBuildFile; fileRef = 30B2D107142B2CA5000AB5E1 /* g_mycanvas.c */; };
		30B2D158142B2CA5000AB5E1 /* g_numbox.c in Sources */ = {isa = PBXBuildFile; fileRef = 30B2D108142B2CA5000AB5E1 /* g_numbox.c */; };
		30B2D159142B2CA5000AB5E1 /* g_readwrite.c in Sources */ = {isa = PBXBuildFile; fileRef = 30B2D109142B2CA5000AB5E1 /* g_readwrite.c */; };
		30B2D15A142B2CA5000AB5E1 /* g_rtext.c in Sources */ = {isa = PBXBuildFile; fileRef = 30B2D10A142B2CA5000AB5E1 /* g_rtext.c */; };
		30B2D15B142B2CA5000AB5E1 /* g_scalar.c in Sources */ = {isa = PBXBuildFile; fileRef = 30B2D10B142B2CA5000AB5E1 /* g_scalar.c */; };
		30B2D15C142B2CA5000AB5E1 /* g_template.c in Sources */ = {isa = PBXBuildFile; fileRef = 30B2D10C142B2CA5000AB5E1 /* g_template.c */; };
		30B2D15D142B2CA5000AB5E1 /* g_text.c in Sources */ = {isa = PBXBuildFile; fileRef = 30B2D10D142B2CA5000AB5E1 /* g_text.c */; };
		30B2D15E142B2CA5000AB5E1 /* g_toggle.c in Sources */ = {isa = PBXBuildFile; fileRef = 30B2D10E142B2CA5000AB5E1 /* g_toggle.c */; };
		30B2D15F142B2CA5000AB5E1 /* g_traversal.c in Sources */ = {isa = PBXBuildFile; fileRef = 30B2D10F142B2CA5000AB5E1 /* g_traversal.c */; };
		30B2D160142B2CA5000AB5E1 /* g_vdial.c in Sources */ = {isa = PBXBuildFile; fileRef = 30B2D110142B2CA5000AB5E1 /* g_vdial.c */; };
		30B2D161142B2CA5000AB5E1 /* g_vslider.c in Sources */ = {isa = PBXBuildFile; fileRef = 30B2D111142B2CA5000AB5E1 /* g_vslider.c */; };
		30B2D162142B2CA5000AB5E1 /* g_vumeter.c in Sources */ = {isa = PBXBuildFile; fileRef = 30B2D112142B2CA5000AB5E1 /* g_vumeter.c */; };
		30B2D163142B2CA5000AB5E1 /* m_atom.c in Sources */ = {isa = PBXBuildFile; fileRef = 30B2D113142B2CA5000AB5E1 /* m_atom.c */; };
		30B2D164142B2CA5000AB5E1 /* m_binbuf.c in Sources */ = {isa = PBXBuildFile; fileRef = 30B2D114142B2CA5000AB5E1 /* m_binbuf.c */; };
		30B2D165142B2CA5000AB5E1 /* m_class.c in Sources */ = {isa = PBXBuildFile; fileRef = 30B2D115142B2CA5000AB5E1 /* m_class.c */; };
		30B2D166142B2CA5000AB5E1 /* m_conf.c in Sources */ = {isa = PBXBuildFile; fileRef = 30B2D116142B2CA5000AB5E1 /* m_conf.c */; };
		30B2D167142B2CA5000AB5E1 /* m_glob.c in Sources */ = {isa = PBXBuildFile; fileRef = 30B2D118142B2CA5000AB5E1 /* m_glob.c */; };
		30B2D168142B2CA5000AB5E1 /* m_memory.c in Sources */ = {isa = PBXBuildFile; fileRef = 30B2D11A142B2CA5000AB5E1 /* m_memory.c */; };
		30B2D169142B2CA5000AB5E1 /* m_obj.c in Sources */ = {isa = PBXBuildFile; fileRef = 30B2D11B142B2CA5000AB5E1 /* m_obj.c */; };
		30B2D16A142B2CA5000AB5E1 /* m_pd.c in Sources */ = {isa = PBXBuildFile; fileRef = 30B2D11C142B2CA5000AB5E1 /* m_pd.c */; };
		30B2D16B142B2CA5000AB5E1 /* m_sched.c in Sources */ = {isa = PBXBuildFile; fileRef = 30B2D11E142B2CA5000AB5E1 /* m_sched.c */; };
		30B2D16C142B2CA5000AB5E1 /* s_audio.c in Sources */ = {isa = PBXBuildFile; fileRef = 30B2D11F142B2CA5000AB5E1 /* s_audio.c */; };
		30B2D16D142B2CA5000AB5E1 /* s_audio_dummy.c in Sources */ = {isa = PBXBuildFile; fileRef = 30B2D120142B2CA5000AB5E1 /* s_audio_dummy.c */; };
		30B2D16E142B2CA5000AB5E1 /* s_file.c in Sources */ = {isa = PBXBuildFile; fileRef = 30B2D121142B2CA5000AB5E1 /* s_file.c */; };
		30B2D16F142B2CA5000AB5E1 /* s_inter.c in Sources */ = {isa = PBXBuildFile; fileRef = 30B2D122142B2CA5000AB5E1 /* s_inter.c */; };
		30B2D170142B2CA5000AB5E1 /* s_loader.c in Sources */ = {isa = PBXBuildFile; fileRef = 30B2D123142B2CA5000AB5E1 /* s_loader.c */; };
		30B2D171142B2CA5000AB5E1 /* s_main.c in Sources */ = {isa = PBXBuildFile; fileRef = 30B2D124142B2CA5000AB5E1 /* s_main.c */; };
		30B2D172142B2CA5000AB5E1 /* s_path.c in Sources */ = {isa = PBXBuildFile; fileRef = 30B2D125142B2CA5000AB5E1 /* s_path.c */; };
		30B2D173142B2CA5000AB5E1 /* s_print.c in Sources */ = {isa = PBXBuildFile; fileRef = 30B2D126142B2CA5000AB5E1 /* s_print.c */; };
		30B2D174142B2CA5000AB5E1 /* s_utf8.c in Sources */ = {isa = PBXBuildFile; fileRef = 30B2D128142B2CA5000AB5E1 /* s_utf8.c */; };
		30B2D175142B2CA5000AB5E1 /* x_acoustics.c in Sources */ = {isa = PBXBuildFile; fileRef = 30B2D12A142B2CA5000AB5E1 /* x_acoustics.c */; };
		30B2D176142B2CA5000AB5E1 /* x_arithmetic.c in Sources */ = {isa = PBXBuildFile; fileRef = 30B2D12B142B2CA5000AB5E1 /* x_arithmetic.c */; };
		30B2D177142B2CA5000AB5E1 /* x_connective.c in Sources */ = {isa = PBXBuildFile; fileRef = 30B2D12C142B2CA5000AB5E1 /* x_connective.c */; };
		30B2D178142B2CA5000AB5E1 /* x_gui.c in Sources */ = {isa = PBXBuildFile; fileRef = 30B2D12D142B2CA5000AB5E1 /* x_gui.c */; };
		30B2D179142B2CA5000AB5E1 /* x_interface.c in Sources */ = {isa = PBXBuildFile; fileRef = 30B2D12E142B2CA5000AB5E1 /* x_interface.c */; };
		30B2D17A142B2CA5000AB5E1 /* x_list.c in Sources */ = {isa = PBXBuildFile; fileRef = 30B2D12F142B2CA5000AB5E1 /* x_list.c */; };
		30B2D17B142B2CA5000AB5E1 /* x_midi.c in Sources */ = {isa = PBXBuildFile; fileRef = 30B2D130142B2CA5000AB5E1 /* x_midi.c */; };
		30B2D17C142B2CA5000AB5E1 /* x_misc.c in Sources */ = {isa = PBXBuildFile; fileRef = 30B2D131142B2CA5000AB5E1 /* x_misc.c */; };
		30B2D17D142B2CA5000AB5E1 /* x_net.c in Sources */ = {isa = PBXBuildFile; fileRef = 30B2D132142B2CA5000AB5E1 /* x_net.c */; };
		30B2D17E142B2CA5000AB5E1 /* x_qlist.c in Sources */ = {isa = PBXBuildFile; fileRef = 30B2D133142B2CA5000AB5E1 /* x_qlist.c */; };
		30B2D17F142B2CA5000AB5E1 /* x_time.c in Sources */ = {isa = PBXBuildFile; fileRef = 30B2D134142B2CA5000AB5E1 /* x_time.c */; };
		BBAB23CB13894F3D00AA2426 /* GLUT.framework in CopyFiles */ = {isa = PBXBuildFile; fileRef = BBAB23BE13894E4700AA2426 /* GLUT.framework */; };
		E4328149138ABC9F0047C5CB /* openFrameworksDebug.a in Frameworks */ = {isa = PBXBuildFile; fileRef = E4328148138ABC890047C5CB /* openFrameworksDebug.a */; };
		E45BE97B0E8CC7DD009D7055 /* AGL.framework in Frameworks */ = {isa = PBXBuildFile; fileRef = E45BE9710E8CC7DD009D7055 /* AGL.framework */; };
		E45BE97C0E8CC7DD009D7055 /* ApplicationServices.framework in Frameworks */ = {isa = PBXBuildFile; fileRef = E45BE9720E8CC7DD009D7055 /* ApplicationServices.framework */; };
		E45BE97D0E8CC7DD009D7055 /* AudioToolbox.framework in Frameworks */ = {isa = PBXBuildFile; fileRef = E45BE9730E8CC7DD009D7055 /* AudioToolbox.framework */; };
		E45BE97E0E8CC7DD009D7055 /* Carbon.framework in Frameworks */ = {isa = PBXBuildFile; fileRef = E45BE9740E8CC7DD009D7055 /* Carbon.framework */; };
		E45BE97F0E8CC7DD009D7055 /* CoreAudio.framework in Frameworks */ = {isa = PBXBuildFile; fileRef = E45BE9750E8CC7DD009D7055 /* CoreAudio.framework */; };
		E45BE9800E8CC7DD009D7055 /* CoreFoundation.framework in Frameworks */ = {isa = PBXBuildFile; fileRef = E45BE9760E8CC7DD009D7055 /* CoreFoundation.framework */; };
		E45BE9810E8CC7DD009D7055 /* CoreServices.framework in Frameworks */ = {isa = PBXBuildFile; fileRef = E45BE9770E8CC7DD009D7055 /* CoreServices.framework */; };
		E45BE9830E8CC7DD009D7055 /* OpenGL.framework in Frameworks */ = {isa = PBXBuildFile; fileRef = E45BE9790E8CC7DD009D7055 /* OpenGL.framework */; };
		E45BE9840E8CC7DD009D7055 /* QuickTime.framework in Frameworks */ = {isa = PBXBuildFile; fileRef = E45BE97A0E8CC7DD009D7055 /* QuickTime.framework */; };
		E4B69E200A3A1BDC003C02F2 /* main.cpp in Sources */ = {isa = PBXBuildFile; fileRef = E4B69E1D0A3A1BDC003C02F2 /* main.cpp */; };
		E4B69E210A3A1BDC003C02F2 /* testApp.cpp in Sources */ = {isa = PBXBuildFile; fileRef = E4B69E1E0A3A1BDC003C02F2 /* testApp.cpp */; };
		E4C2424710CC5A17004149E2 /* AppKit.framework in Frameworks */ = {isa = PBXBuildFile; fileRef = E4C2424410CC5A17004149E2 /* AppKit.framework */; };
		E4C2424810CC5A17004149E2 /* Cocoa.framework in Frameworks */ = {isa = PBXBuildFile; fileRef = E4C2424510CC5A17004149E2 /* Cocoa.framework */; };
		E4C2424910CC5A17004149E2 /* IOKit.framework in Frameworks */ = {isa = PBXBuildFile; fileRef = E4C2424610CC5A17004149E2 /* IOKit.framework */; };
		E4EB6799138ADC1D00A09F29 /* GLUT.framework in Frameworks */ = {isa = PBXBuildFile; fileRef = BBAB23BE13894E4700AA2426 /* GLUT.framework */; };
/* End PBXBuildFile section */

/* Begin PBXContainerItemProxy section */
		E4328147138ABC890047C5CB /* PBXContainerItemProxy */ = {
			isa = PBXContainerItemProxy;
			containerPortal = E4328143138ABC890047C5CB /* openFrameworksLib.xcodeproj */;
			proxyType = 2;
			remoteGlobalIDString = E4B27C1510CBEB8E00536013;
			remoteInfo = openFrameworks;
		};
		E4EEB9AB138B136A00A80321 /* PBXContainerItemProxy */ = {
			isa = PBXContainerItemProxy;
			containerPortal = E4328143138ABC890047C5CB /* openFrameworksLib.xcodeproj */;
			proxyType = 1;
			remoteGlobalIDString = E4B27C1410CBEB8E00536013;
			remoteInfo = openFrameworks;
		};
/* End PBXContainerItemProxy section */

/* Begin PBXCopyFilesBuildPhase section */
		E4C2427710CC5ABF004149E2 /* CopyFiles */ = {
			isa = PBXCopyFilesBuildPhase;
			buildActionMask = 2147483647;
			dstPath = "";
			dstSubfolderSpec = 10;
			files = (
				BBAB23CB13894F3D00AA2426 /* GLUT.framework in CopyFiles */,
			);
			runOnlyForDeploymentPostprocessing = 0;
		};
/* End PBXCopyFilesBuildPhase section */

/* Begin PBXFileReference section */
		3000D8E8145D1029009FC3EC /* PdBase.cpp */ = {isa = PBXFileReference; fileEncoding = 4; lastKnownFileType = sourcecode.cpp.cpp; path = PdBase.cpp; sourceTree = "<group>"; };
		3000D8E9145D1029009FC3EC /* PdBase.hpp */ = {isa = PBXFileReference; fileEncoding = 4; lastKnownFileType = sourcecode.cpp.h; path = PdBase.hpp; sourceTree = "<group>"; };
		3000D8EA145D1029009FC3EC /* PdMidiReceiver.hpp */ = {isa = PBXFileReference; fileEncoding = 4; lastKnownFileType = sourcecode.cpp.h; path = PdMidiReceiver.hpp; sourceTree = "<group>"; };
		3000D8EB145D1029009FC3EC /* PdReceiver.hpp */ = {isa = PBXFileReference; fileEncoding = 4; lastKnownFileType = sourcecode.cpp.h; path = PdReceiver.hpp; sourceTree = "<group>"; };
		3000D8EC145D1029009FC3EC /* PdTypes.cpp */ = {isa = PBXFileReference; fileEncoding = 4; lastKnownFileType = sourcecode.cpp.cpp; path = PdTypes.cpp; sourceTree = "<group>"; };
		3000D8ED145D1029009FC3EC /* PdTypes.hpp */ = {isa = PBXFileReference; fileEncoding = 4; lastKnownFileType = sourcecode.cpp.h; path = PdTypes.hpp; sourceTree = "<group>"; };
		30B2D0BF142B2C7A000AB5E1 /* AppCore.cpp */ = {isa = PBXFileReference; fileEncoding = 4; lastKnownFileType = sourcecode.cpp.cpp; path = AppCore.cpp; sourceTree = "<group>"; };
		30B2D0C0142B2C7A000AB5E1 /* AppCore.h */ = {isa = PBXFileReference; fileEncoding = 4; lastKnownFileType = sourcecode.c.h; path = AppCore.h; sourceTree = "<group>"; };
		30B2D0C4142B2CA5000AB5E1 /* ofxPd.cpp */ = {isa = PBXFileReference; fileEncoding = 4; lastKnownFileType = sourcecode.cpp.cpp; path = ofxPd.cpp; sourceTree = "<group>"; };
		30B2D0C5142B2CA5000AB5E1 /* ofxPd.h */ = {isa = PBXFileReference; fileEncoding = 4; lastKnownFileType = sourcecode.c.h; path = ofxPd.h; sourceTree = "<group>"; };
		30B2D0CB142B2CA5000AB5E1 /* s_libpdmidi.c */ = {isa = PBXFileReference; fileEncoding = 4; lastKnownFileType = sourcecode.c.c; path = s_libpdmidi.c; sourceTree = "<group>"; };
		30B2D0CC142B2CA5000AB5E1 /* x_libpdreceive.c */ = {isa = PBXFileReference; fileEncoding = 4; lastKnownFileType = sourcecode.c.c; path = x_libpdreceive.c; sourceTree = "<group>"; };
		30B2D0CD142B2CA5000AB5E1 /* x_libpdreceive.h */ = {isa = PBXFileReference; fileEncoding = 4; lastKnownFileType = sourcecode.c.h; path = x_libpdreceive.h; sourceTree = "<group>"; };
		30B2D0CE142B2CA5000AB5E1 /* z_libpd.c */ = {isa = PBXFileReference; fileEncoding = 4; lastKnownFileType = sourcecode.c.c; path = z_libpd.c; sourceTree = "<group>"; };
		30B2D0CF142B2CA5000AB5E1 /* z_libpd.h */ = {isa = PBXFileReference; fileEncoding = 4; lastKnownFileType = sourcecode.c.h; path = z_libpd.h; sourceTree = "<group>"; };
		30B2D0D0142B2CA5000AB5E1 /* LICENSE.txt */ = {isa = PBXFileReference; fileEncoding = 4; lastKnownFileType = text; path = LICENSE.txt; sourceTree = "<group>"; };
		30B2D0D4142B2CA5000AB5E1 /* choice-help.pd */ = {isa = PBXFileReference; fileEncoding = 4; lastKnownFileType = text; path = "choice-help.pd"; sourceTree = "<group>"; };
		30B2D0D5142B2CA5000AB5E1 /* choice.c */ = {isa = PBXFileReference; fileEncoding = 4; lastKnownFileType = sourcecode.c.c; path = choice.c; sourceTree = "<group>"; };
		30B2D0D6142B2CA5000AB5E1 /* complex-mod~-help.pd */ = {isa = PBXFileReference; fileEncoding = 4; lastKnownFileType = text; path = "complex-mod~-help.pd"; sourceTree = "<group>"; };
		30B2D0D7142B2CA5000AB5E1 /* complex-mod~.pd */ = {isa = PBXFileReference; fileEncoding = 4; lastKnownFileType = text; path = "complex-mod~.pd"; sourceTree = "<group>"; };
		30B2D0D8142B2CA5000AB5E1 /* expr-help.pd */ = {isa = PBXFileReference; fileEncoding = 4; lastKnownFileType = text; path = "expr-help.pd"; sourceTree = "<group>"; };
		30B2D0D9142B2CA5000AB5E1 /* hilbert~-help.pd */ = {isa = PBXFileReference; fileEncoding = 4; lastKnownFileType = text; path = "hilbert~-help.pd"; sourceTree = "<group>"; };
		30B2D0DA142B2CA5000AB5E1 /* hilbert~.pd */ = {isa = PBXFileReference; fileEncoding = 4; lastKnownFileType = text; path = "hilbert~.pd"; sourceTree = "<group>"; };
		30B2D0DC142B2CA5000AB5E1 /* pique-help.pd */ = {isa = PBXFileReference; fileEncoding = 4; lastKnownFileType = text; path = "pique-help.pd"; sourceTree = "<group>"; };
		30B2D0DD142B2CA5000AB5E1 /* pique.c */ = {isa = PBXFileReference; fileEncoding = 4; lastKnownFileType = sourcecode.c.c; path = pique.c; sourceTree = "<group>"; };
		30B2D0DE142B2CA5000AB5E1 /* README.txt */ = {isa = PBXFileReference; fileEncoding = 4; lastKnownFileType = text; path = README.txt; sourceTree = "<group>"; };
		30B2D0DF142B2CA5000AB5E1 /* rev1-final.pd */ = {isa = PBXFileReference; fileEncoding = 4; lastKnownFileType = text; path = "rev1-final.pd"; sourceTree = "<group>"; };
		30B2D0E0142B2CA5000AB5E1 /* rev1-stage.pd */ = {isa = PBXFileReference; fileEncoding = 4; lastKnownFileType = text; path = "rev1-stage.pd"; sourceTree = "<group>"; };
		30B2D0E1142B2CA5000AB5E1 /* rev1~-help.pd */ = {isa = PBXFileReference; fileEncoding = 4; lastKnownFileType = text; path = "rev1~-help.pd"; sourceTree = "<group>"; };
		30B2D0E2142B2CA5000AB5E1 /* rev1~.pd */ = {isa = PBXFileReference; fileEncoding = 4; lastKnownFileType = text; path = "rev1~.pd"; sourceTree = "<group>"; };
		30B2D0E3142B2CA5000AB5E1 /* rev2~-help.pd */ = {isa = PBXFileReference; fileEncoding = 4; lastKnownFileType = text; path = "rev2~-help.pd"; sourceTree = "<group>"; };
		30B2D0E4142B2CA5000AB5E1 /* rev2~.pd */ = {isa = PBXFileReference; fileEncoding = 4; lastKnownFileType = text; path = "rev2~.pd"; sourceTree = "<group>"; };
		30B2D0E5142B2CA5000AB5E1 /* rev3~-help.pd */ = {isa = PBXFileReference; fileEncoding = 4; lastKnownFileType = text; path = "rev3~-help.pd"; sourceTree = "<group>"; };
		30B2D0E6142B2CA5000AB5E1 /* rev3~.pd */ = {isa = PBXFileReference; fileEncoding = 4; lastKnownFileType = text; path = "rev3~.pd"; sourceTree = "<group>"; };
		30B2D0E8142B2CA5000AB5E1 /* stdout-help.pd */ = {isa = PBXFileReference; fileEncoding = 4; lastKnownFileType = text; path = "stdout-help.pd"; sourceTree = "<group>"; };
		30B2D0E9142B2CA5000AB5E1 /* stdout.c */ = {isa = PBXFileReference; fileEncoding = 4; lastKnownFileType = sourcecode.c.c; path = stdout.c; sourceTree = "<group>"; };
		30B2D0EB142B2CA5000AB5E1 /* d_arithmetic.c */ = {isa = PBXFileReference; fileEncoding = 4; lastKnownFileType = sourcecode.c.c; path = d_arithmetic.c; sourceTree = "<group>"; };
		30B2D0EC142B2CA5000AB5E1 /* d_array.c */ = {isa = PBXFileReference; fileEncoding = 4; lastKnownFileType = sourcecode.c.c; path = d_array.c; sourceTree = "<group>"; };
		30B2D0ED142B2CA5000AB5E1 /* d_ctl.c */ = {isa = PBXFileReference; fileEncoding = 4; lastKnownFileType = sourcecode.c.c; path = d_ctl.c; sourceTree = "<group>"; };
		30B2D0EE142B2CA5000AB5E1 /* d_dac.c */ = {isa = PBXFileReference; fileEncoding = 4; lastKnownFileType = sourcecode.c.c; path = d_dac.c; sourceTree = "<group>"; };
		30B2D0EF142B2CA5000AB5E1 /* d_delay.c */ = {isa = PBXFileReference; fileEncoding = 4; lastKnownFileType = sourcecode.c.c; path = d_delay.c; sourceTree = "<group>"; };
		30B2D0F0142B2CA5000AB5E1 /* d_fft.c */ = {isa = PBXFileReference; fileEncoding = 4; lastKnownFileType = sourcecode.c.c; path = d_fft.c; sourceTree = "<group>"; };
		30B2D0F1142B2CA5000AB5E1 /* d_fft_mayer.c */ = {isa = PBXFileReference; fileEncoding = 4; lastKnownFileType = sourcecode.c.c; path = d_fft_mayer.c; sourceTree = "<group>"; };
		30B2D0F2142B2CA5000AB5E1 /* d_fftroutine.c */ = {isa = PBXFileReference; fileEncoding = 4; lastKnownFileType = sourcecode.c.c; path = d_fftroutine.c; sourceTree = "<group>"; };
		30B2D0F3142B2CA5000AB5E1 /* d_filter.c */ = {isa = PBXFileReference; fileEncoding = 4; lastKnownFileType = sourcecode.c.c; path = d_filter.c; sourceTree = "<group>"; };
		30B2D0F4142B2CA5000AB5E1 /* d_global.c */ = {isa = PBXFileReference; fileEncoding = 4; lastKnownFileType = sourcecode.c.c; path = d_global.c; sourceTree = "<group>"; };
		30B2D0F5142B2CA5000AB5E1 /* d_math.c */ = {isa = PBXFileReference; fileEncoding = 4; lastKnownFileType = sourcecode.c.c; path = d_math.c; sourceTree = "<group>"; };
		30B2D0F6142B2CA5000AB5E1 /* d_misc.c */ = {isa = PBXFileReference; fileEncoding = 4; lastKnownFileType = sourcecode.c.c; path = d_misc.c; sourceTree = "<group>"; };
		30B2D0F7142B2CA5000AB5E1 /* d_osc.c */ = {isa = PBXFileReference; fileEncoding = 4; lastKnownFileType = sourcecode.c.c; path = d_osc.c; sourceTree = "<group>"; };
		30B2D0F8142B2CA5000AB5E1 /* d_resample.c */ = {isa = PBXFileReference; fileEncoding = 4; lastKnownFileType = sourcecode.c.c; path = d_resample.c; sourceTree = "<group>"; };
		30B2D0F9142B2CA5000AB5E1 /* d_soundfile.c */ = {isa = PBXFileReference; fileEncoding = 4; lastKnownFileType = sourcecode.c.c; path = d_soundfile.c; sourceTree = "<group>"; };
		30B2D0FA142B2CA5000AB5E1 /* d_ugen.c */ = {isa = PBXFileReference; fileEncoding = 4; lastKnownFileType = sourcecode.c.c; path = d_ugen.c; sourceTree = "<group>"; };
		30B2D0FB142B2CA5000AB5E1 /* g_all_guis.c */ = {isa = PBXFileReference; fileEncoding = 4; lastKnownFileType = sourcecode.c.c; path = g_all_guis.c; sourceTree = "<group>"; };
		30B2D0FC142B2CA5000AB5E1 /* g_all_guis.h */ = {isa = PBXFileReference; fileEncoding = 4; lastKnownFileType = sourcecode.c.h; path = g_all_guis.h; sourceTree = "<group>"; };
		30B2D0FD142B2CA5000AB5E1 /* g_array.c */ = {isa = PBXFileReference; fileEncoding = 4; lastKnownFileType = sourcecode.c.c; path = g_array.c; sourceTree = "<group>"; };
		30B2D0FE142B2CA5000AB5E1 /* g_bang.c */ = {isa = PBXFileReference; fileEncoding = 4; lastKnownFileType = sourcecode.c.c; path = g_bang.c; sourceTree = "<group>"; };
		30B2D0FF142B2CA5000AB5E1 /* g_canvas.c */ = {isa = PBXFileReference; fileEncoding = 4; lastKnownFileType = sourcecode.c.c; path = g_canvas.c; sourceTree = "<group>"; };
		30B2D100142B2CA5000AB5E1 /* g_canvas.h */ = {isa = PBXFileReference; fileEncoding = 4; lastKnownFileType = sourcecode.c.h; path = g_canvas.h; sourceTree = "<group>"; };
		30B2D101142B2CA5000AB5E1 /* g_editor.c */ = {isa = PBXFileReference; fileEncoding = 4; lastKnownFileType = sourcecode.c.c; path = g_editor.c; sourceTree = "<group>"; };
		30B2D102142B2CA5000AB5E1 /* g_graph.c */ = {isa = PBXFileReference; fileEncoding = 4; lastKnownFileType = sourcecode.c.c; path = g_graph.c; sourceTree = "<group>"; };
		30B2D103142B2CA5000AB5E1 /* g_guiconnect.c */ = {isa = PBXFileReference; fileEncoding = 4; lastKnownFileType = sourcecode.c.c; path = g_guiconnect.c; sourceTree = "<group>"; };
		30B2D104142B2CA5000AB5E1 /* g_hdial.c */ = {isa = PBXFileReference; fileEncoding = 4; lastKnownFileType = sourcecode.c.c; path = g_hdial.c; sourceTree = "<group>"; };
		30B2D105142B2CA5000AB5E1 /* g_hslider.c */ = {isa = PBXFileReference; fileEncoding = 4; lastKnownFileType = sourcecode.c.c; path = g_hslider.c; sourceTree = "<group>"; };
		30B2D106142B2CA5000AB5E1 /* g_io.c */ = {isa = PBXFileReference; fileEncoding = 4; lastKnownFileType = sourcecode.c.c; path = g_io.c; sourceTree = "<group>"; };
		30B2D107142B2CA5000AB5E1 /* g_mycanvas.c */ = {isa = PBXFileReference; fileEncoding = 4; lastKnownFileType = sourcecode.c.c; path = g_mycanvas.c; sourceTree = "<group>"; };
		30B2D108142B2CA5000AB5E1 /* g_numbox.c */ = {isa = PBXFileReference; fileEncoding = 4; lastKnownFileType = sourcecode.c.c; path = g_numbox.c; sourceTree = "<group>"; };
		30B2D109142B2CA5000AB5E1 /* g_readwrite.c */ = {isa = PBXFileReference; fileEncoding = 4; lastKnownFileType = sourcecode.c.c; path = g_readwrite.c; sourceTree = "<group>"; };
		30B2D10A142B2CA5000AB5E1 /* g_rtext.c */ = {isa = PBXFileReference; fileEncoding = 4; lastKnownFileType = sourcecode.c.c; path = g_rtext.c; sourceTree = "<group>"; };
		30B2D10B142B2CA5000AB5E1 /* g_scalar.c */ = {isa = PBXFileReference; fileEncoding = 4; lastKnownFileType = sourcecode.c.c; path = g_scalar.c; sourceTree = "<group>"; };
		30B2D10C142B2CA5000AB5E1 /* g_template.c */ = {isa = PBXFileReference; fileEncoding = 4; lastKnownFileType = sourcecode.c.c; path = g_template.c; sourceTree = "<group>"; };
		30B2D10D142B2CA5000AB5E1 /* g_text.c */ = {isa = PBXFileReference; fileEncoding = 4; lastKnownFileType = sourcecode.c.c; path = g_text.c; sourceTree = "<group>"; };
		30B2D10E142B2CA5000AB5E1 /* g_toggle.c */ = {isa = PBXFileReference; fileEncoding = 4; lastKnownFileType = sourcecode.c.c; path = g_toggle.c; sourceTree = "<group>"; };
		30B2D10F142B2CA5000AB5E1 /* g_traversal.c */ = {isa = PBXFileReference; fileEncoding = 4; lastKnownFileType = sourcecode.c.c; path = g_traversal.c; sourceTree = "<group>"; };
		30B2D110142B2CA5000AB5E1 /* g_vdial.c */ = {isa = PBXFileReference; fileEncoding = 4; lastKnownFileType = sourcecode.c.c; path = g_vdial.c; sourceTree = "<group>"; };
		30B2D111142B2CA5000AB5E1 /* g_vslider.c */ = {isa = PBXFileReference; fileEncoding = 4; lastKnownFileType = sourcecode.c.c; path = g_vslider.c; sourceTree = "<group>"; };
		30B2D112142B2CA5000AB5E1 /* g_vumeter.c */ = {isa = PBXFileReference; fileEncoding = 4; lastKnownFileType = sourcecode.c.c; path = g_vumeter.c; sourceTree = "<group>"; };
		30B2D113142B2CA5000AB5E1 /* m_atom.c */ = {isa = PBXFileReference; fileEncoding = 4; lastKnownFileType = sourcecode.c.c; path = m_atom.c; sourceTree = "<group>"; };
		30B2D114142B2CA5000AB5E1 /* m_binbuf.c */ = {isa = PBXFileReference; fileEncoding = 4; lastKnownFileType = sourcecode.c.c; path = m_binbuf.c; sourceTree = "<group>"; };
		30B2D115142B2CA5000AB5E1 /* m_class.c */ = {isa = PBXFileReference; fileEncoding = 4; lastKnownFileType = sourcecode.c.c; path = m_class.c; sourceTree = "<group>"; };
		30B2D116142B2CA5000AB5E1 /* m_conf.c */ = {isa = PBXFileReference; fileEncoding = 4; lastKnownFileType = sourcecode.c.c; path = m_conf.c; sourceTree = "<group>"; };
		30B2D117142B2CA5000AB5E1 /* m_fixed.h */ = {isa = PBXFileReference; fileEncoding = 4; lastKnownFileType = sourcecode.c.h; path = m_fixed.h; sourceTree = "<group>"; };
		30B2D118142B2CA5000AB5E1 /* m_glob.c */ = {isa = PBXFileReference; fileEncoding = 4; lastKnownFileType = sourcecode.c.c; path = m_glob.c; sourceTree = "<group>"; };
		30B2D119142B2CA5000AB5E1 /* m_imp.h */ = {isa = PBXFileReference; fileEncoding = 4; lastKnownFileType = sourcecode.c.h; path = m_imp.h; sourceTree = "<group>"; };
		30B2D11A142B2CA5000AB5E1 /* m_memory.c */ = {isa = PBXFileReference; fileEncoding = 4; lastKnownFileType = sourcecode.c.c; path = m_memory.c; sourceTree = "<group>"; };
		30B2D11B142B2CA5000AB5E1 /* m_obj.c */ = {isa = PBXFileReference; fileEncoding = 4; lastKnownFileType = sourcecode.c.c; path = m_obj.c; sourceTree = "<group>"; };
		30B2D11C142B2CA5000AB5E1 /* m_pd.c */ = {isa = PBXFileReference; fileEncoding = 4; lastKnownFileType = sourcecode.c.c; path = m_pd.c; sourceTree = "<group>"; };
		30B2D11D142B2CA5000AB5E1 /* m_pd.h */ = {isa = PBXFileReference; fileEncoding = 4; lastKnownFileType = sourcecode.c.h; path = m_pd.h; sourceTree = "<group>"; };
		30B2D11E142B2CA5000AB5E1 /* m_sched.c */ = {isa = PBXFileReference; fileEncoding = 4; lastKnownFileType = sourcecode.c.c; path = m_sched.c; sourceTree = "<group>"; };
		30B2D11F142B2CA5000AB5E1 /* s_audio.c */ = {isa = PBXFileReference; fileEncoding = 4; lastKnownFileType = sourcecode.c.c; path = s_audio.c; sourceTree = "<group>"; };
		30B2D120142B2CA5000AB5E1 /* s_audio_dummy.c */ = {isa = PBXFileReference; fileEncoding = 4; lastKnownFileType = sourcecode.c.c; path = s_audio_dummy.c; sourceTree = "<group>"; };
		30B2D121142B2CA5000AB5E1 /* s_file.c */ = {isa = PBXFileReference; fileEncoding = 4; lastKnownFileType = sourcecode.c.c; path = s_file.c; sourceTree = "<group>"; };
		30B2D122142B2CA5000AB5E1 /* s_inter.c */ = {isa = PBXFileReference; fileEncoding = 4; lastKnownFileType = sourcecode.c.c; path = s_inter.c; sourceTree = "<group>"; };
		30B2D123142B2CA5000AB5E1 /* s_loader.c */ = {isa = PBXFileReference; fileEncoding = 4; lastKnownFileType = sourcecode.c.c; path = s_loader.c; sourceTree = "<group>"; };
		30B2D124142B2CA5000AB5E1 /* s_main.c */ = {isa = PBXFileReference; fileEncoding = 4; lastKnownFileType = sourcecode.c.c; path = s_main.c; sourceTree = "<group>"; };
		30B2D125142B2CA5000AB5E1 /* s_path.c */ = {isa = PBXFileReference; fileEncoding = 4; lastKnownFileType = sourcecode.c.c; path = s_path.c; sourceTree = "<group>"; };
		30B2D126142B2CA5000AB5E1 /* s_print.c */ = {isa = PBXFileReference; fileEncoding = 4; lastKnownFileType = sourcecode.c.c; path = s_print.c; sourceTree = "<group>"; };
		30B2D127142B2CA5000AB5E1 /* s_stuff.h */ = {isa = PBXFileReference; fileEncoding = 4; lastKnownFileType = sourcecode.c.h; path = s_stuff.h; sourceTree = "<group>"; };
		30B2D128142B2CA5000AB5E1 /* s_utf8.c */ = {isa = PBXFileReference; fileEncoding = 4; lastKnownFileType = sourcecode.c.c; path = s_utf8.c; sourceTree = "<group>"; };
		30B2D129142B2CA5000AB5E1 /* s_utf8.h */ = {isa = PBXFileReference; fileEncoding = 4; lastKnownFileType = sourcecode.c.h; path = s_utf8.h; sourceTree = "<group>"; };
		30B2D12A142B2CA5000AB5E1 /* x_acoustics.c */ = {isa = PBXFileReference; fileEncoding = 4; lastKnownFileType = sourcecode.c.c; path = x_acoustics.c; sourceTree = "<group>"; };
		30B2D12B142B2CA5000AB5E1 /* x_arithmetic.c */ = {isa = PBXFileReference; fileEncoding = 4; lastKnownFileType = sourcecode.c.c; path = x_arithmetic.c; sourceTree = "<group>"; };
		30B2D12C142B2CA5000AB5E1 /* x_connective.c */ = {isa = PBXFileReference; fileEncoding = 4; lastKnownFileType = sourcecode.c.c; path = x_connective.c; sourceTree = "<group>"; };
		30B2D12D142B2CA5000AB5E1 /* x_gui.c */ = {isa = PBXFileReference; fileEncoding = 4; lastKnownFileType = sourcecode.c.c; path = x_gui.c; sourceTree = "<group>"; };
		30B2D12E142B2CA5000AB5E1 /* x_interface.c */ = {isa = PBXFileReference; fileEncoding = 4; lastKnownFileType = sourcecode.c.c; path = x_interface.c; sourceTree = "<group>"; };
		30B2D12F142B2CA5000AB5E1 /* x_list.c */ = {isa = PBXFileReference; fileEncoding = 4; lastKnownFileType = sourcecode.c.c; path = x_list.c; sourceTree = "<group>"; };
		30B2D130142B2CA5000AB5E1 /* x_midi.c */ = {isa = PBXFileReference; fileEncoding = 4; lastKnownFileType = sourcecode.c.c; path = x_midi.c; sourceTree = "<group>"; };
		30B2D131142B2CA5000AB5E1 /* x_misc.c */ = {isa = PBXFileReference; fileEncoding = 4; lastKnownFileType = sourcecode.c.c; path = x_misc.c; sourceTree = "<group>"; };
		30B2D132142B2CA5000AB5E1 /* x_net.c */ = {isa = PBXFileReference; fileEncoding = 4; lastKnownFileType = sourcecode.c.c; path = x_net.c; sourceTree = "<group>"; };
		30B2D133142B2CA5000AB5E1 /* x_qlist.c */ = {isa = PBXFileReference; fileEncoding = 4; lastKnownFileType = sourcecode.c.c; path = x_qlist.c; sourceTree = "<group>"; };
		30B2D134142B2CA5000AB5E1 /* x_time.c */ = {isa = PBXFileReference; fileEncoding = 4; lastKnownFileType = sourcecode.c.c; path = x_time.c; sourceTree = "<group>"; };
		BBAB23BE13894E4700AA2426 /* GLUT.framework */ = {isa = PBXFileReference; lastKnownFileType = wrapper.framework; name = GLUT.framework; path = ../../../libs/glut/lib/osx/GLUT.framework; sourceTree = "<group>"; };
		E4328143138ABC890047C5CB /* openFrameworksLib.xcodeproj */ = {isa = PBXFileReference; lastKnownFileType = "wrapper.pb-project"; name = openFrameworksLib.xcodeproj; path = ../../../libs/openFrameworksCompiled/project/osx/openFrameworksLib.xcodeproj; sourceTree = SOURCE_ROOT; };
		E45BE9710E8CC7DD009D7055 /* AGL.framework */ = {isa = PBXFileReference; lastKnownFileType = wrapper.framework; name = AGL.framework; path = /System/Library/Frameworks/AGL.framework; sourceTree = "<absolute>"; };
		E45BE9720E8CC7DD009D7055 /* ApplicationServices.framework */ = {isa = PBXFileReference; lastKnownFileType = wrapper.framework; name = ApplicationServices.framework; path = /System/Library/Frameworks/ApplicationServices.framework; sourceTree = "<absolute>"; };
		E45BE9730E8CC7DD009D7055 /* AudioToolbox.framework */ = {isa = PBXFileReference; lastKnownFileType = wrapper.framework; name = AudioToolbox.framework; path = /System/Library/Frameworks/AudioToolbox.framework; sourceTree = "<absolute>"; };
		E45BE9740E8CC7DD009D7055 /* Carbon.framework */ = {isa = PBXFileReference; lastKnownFileType = wrapper.framework; name = Carbon.framework; path = /System/Library/Frameworks/Carbon.framework; sourceTree = "<absolute>"; };
		E45BE9750E8CC7DD009D7055 /* CoreAudio.framework */ = {isa = PBXFileReference; lastKnownFileType = wrapper.framework; name = CoreAudio.framework; path = /System/Library/Frameworks/CoreAudio.framework; sourceTree = "<absolute>"; };
		E45BE9760E8CC7DD009D7055 /* CoreFoundation.framework */ = {isa = PBXFileReference; lastKnownFileType = wrapper.framework; name = CoreFoundation.framework; path = /System/Library/Frameworks/CoreFoundation.framework; sourceTree = "<absolute>"; };
		E45BE9770E8CC7DD009D7055 /* CoreServices.framework */ = {isa = PBXFileReference; lastKnownFileType = wrapper.framework; name = CoreServices.framework; path = /System/Library/Frameworks/CoreServices.framework; sourceTree = "<absolute>"; };
		E45BE9790E8CC7DD009D7055 /* OpenGL.framework */ = {isa = PBXFileReference; lastKnownFileType = wrapper.framework; name = OpenGL.framework; path = /System/Library/Frameworks/OpenGL.framework; sourceTree = "<absolute>"; };
		E45BE97A0E8CC7DD009D7055 /* QuickTime.framework */ = {isa = PBXFileReference; lastKnownFileType = wrapper.framework; name = QuickTime.framework; path = /System/Library/Frameworks/QuickTime.framework; sourceTree = "<absolute>"; };
		E4B69B5B0A3A1756003C02F2 /* ofxPdExampleDebug.app */ = {isa = PBXFileReference; explicitFileType = wrapper.application; includeInIndex = 0; path = ofxPdExampleDebug.app; sourceTree = BUILT_PRODUCTS_DIR; };
		E4B69E1D0A3A1BDC003C02F2 /* main.cpp */ = {isa = PBXFileReference; fileEncoding = 30; lastKnownFileType = sourcecode.cpp.cpp; name = main.cpp; path = src/main.cpp; sourceTree = SOURCE_ROOT; };
		E4B69E1E0A3A1BDC003C02F2 /* testApp.cpp */ = {isa = PBXFileReference; explicitFileType = sourcecode.cpp.cpp; fileEncoding = 30; name = testApp.cpp; path = src/testApp.cpp; sourceTree = SOURCE_ROOT; };
		E4B69E1F0A3A1BDC003C02F2 /* testApp.h */ = {isa = PBXFileReference; fileEncoding = 30; lastKnownFileType = sourcecode.c.h; name = testApp.h; path = src/testApp.h; sourceTree = SOURCE_ROOT; };
		E4B6FCAD0C3E899E008CF71C /* openFrameworks-Info.plist */ = {isa = PBXFileReference; fileEncoding = 30; lastKnownFileType = text.plist.xml; path = "openFrameworks-Info.plist"; sourceTree = "<group>"; };
		E4C2424410CC5A17004149E2 /* AppKit.framework */ = {isa = PBXFileReference; lastKnownFileType = wrapper.framework; name = AppKit.framework; path = /System/Library/Frameworks/AppKit.framework; sourceTree = "<absolute>"; };
		E4C2424510CC5A17004149E2 /* Cocoa.framework */ = {isa = PBXFileReference; lastKnownFileType = wrapper.framework; name = Cocoa.framework; path = /System/Library/Frameworks/Cocoa.framework; sourceTree = "<absolute>"; };
		E4C2424610CC5A17004149E2 /* IOKit.framework */ = {isa = PBXFileReference; lastKnownFileType = wrapper.framework; name = IOKit.framework; path = /System/Library/Frameworks/IOKit.framework; sourceTree = "<absolute>"; };
		E4EB691F138AFCF100A09F29 /* CoreOF.xcconfig */ = {isa = PBXFileReference; fileEncoding = 4; lastKnownFileType = text.xcconfig; name = CoreOF.xcconfig; path = ../../../libs/openFrameworksCompiled/project/osx/CoreOF.xcconfig; sourceTree = SOURCE_ROOT; };
		E4EB6923138AFD0F00A09F29 /* Project.xcconfig */ = {isa = PBXFileReference; fileEncoding = 4; lastKnownFileType = text.xcconfig; path = Project.xcconfig; sourceTree = "<group>"; };
/* End PBXFileReference section */

/* Begin PBXFrameworksBuildPhase section */
		E4B69B590A3A1756003C02F2 /* Frameworks */ = {
			isa = PBXFrameworksBuildPhase;
			buildActionMask = 2147483647;
			files = (
				E4EB6799138ADC1D00A09F29 /* GLUT.framework in Frameworks */,
				E4328149138ABC9F0047C5CB /* openFrameworksDebug.a in Frameworks */,
				E45BE97B0E8CC7DD009D7055 /* AGL.framework in Frameworks */,
				E45BE97C0E8CC7DD009D7055 /* ApplicationServices.framework in Frameworks */,
				E45BE97D0E8CC7DD009D7055 /* AudioToolbox.framework in Frameworks */,
				E45BE97E0E8CC7DD009D7055 /* Carbon.framework in Frameworks */,
				E45BE97F0E8CC7DD009D7055 /* CoreAudio.framework in Frameworks */,
				E45BE9800E8CC7DD009D7055 /* CoreFoundation.framework in Frameworks */,
				E45BE9810E8CC7DD009D7055 /* CoreServices.framework in Frameworks */,
				E45BE9830E8CC7DD009D7055 /* OpenGL.framework in Frameworks */,
				E45BE9840E8CC7DD009D7055 /* QuickTime.framework in Frameworks */,
				E4C2424710CC5A17004149E2 /* AppKit.framework in Frameworks */,
				E4C2424810CC5A17004149E2 /* Cocoa.framework in Frameworks */,
				E4C2424910CC5A17004149E2 /* IOKit.framework in Frameworks */,
			);
			runOnlyForDeploymentPostprocessing = 0;
		};
/* End PBXFrameworksBuildPhase section */

/* Begin PBXGroup section */
		3000D8E7145D1029009FC3EC /* cpp */ = {
			isa = PBXGroup;
			children = (
				3000D8E8145D1029009FC3EC /* PdBase.cpp */,
				3000D8E9145D1029009FC3EC /* PdBase.hpp */,
				3000D8EA145D1029009FC3EC /* PdMidiReceiver.hpp */,
				3000D8EB145D1029009FC3EC /* PdReceiver.hpp */,
				3000D8EC145D1029009FC3EC /* PdTypes.cpp */,
				3000D8ED145D1029009FC3EC /* PdTypes.hpp */,
			);
			path = cpp;
			sourceTree = "<group>";
		};
		30B2D0C2142B2C8B000AB5E1 /* ofxPd */ = {
			isa = PBXGroup;
			children = (
				30B2D0C3142B2CA5000AB5E1 /* src */,
			);
			name = ofxPd;
			sourceTree = "<group>";
		};
		30B2D0C3142B2CA5000AB5E1 /* src */ = {
			isa = PBXGroup;
			children = (
				30B2D0C4142B2CA5000AB5E1 /* ofxPd.cpp */,
				30B2D0C5142B2CA5000AB5E1 /* ofxPd.h */,
				30B2D0C9142B2CA5000AB5E1 /* pd */,
			);
			name = src;
			path = ../../../addons/ofxPd/src;
			sourceTree = "<group>";
		};
		30B2D0C9142B2CA5000AB5E1 /* pd */ = {
			isa = PBXGroup;
			children = (
				3000D8E7145D1029009FC3EC /* cpp */,
				30B2D0CA142B2CA5000AB5E1 /* libpd_wrapper */,
				30B2D0D0142B2CA5000AB5E1 /* LICENSE.txt */,
				30B2D0D1142B2CA5000AB5E1 /* pure-data */,
			);
			path = pd;
			sourceTree = "<group>";
		};
		30B2D0CA142B2CA5000AB5E1 /* libpd_wrapper */ = {
			isa = PBXGroup;
			children = (
				30B2D0CB142B2CA5000AB5E1 /* s_libpdmidi.c */,
				30B2D0CC142B2CA5000AB5E1 /* x_libpdreceive.c */,
				30B2D0CD142B2CA5000AB5E1 /* x_libpdreceive.h */,
				30B2D0CE142B2CA5000AB5E1 /* z_libpd.c */,
				30B2D0CF142B2CA5000AB5E1 /* z_libpd.h */,
			);
			path = libpd_wrapper;
			sourceTree = "<group>";
		};
		30B2D0D1142B2CA5000AB5E1 /* pure-data */ = {
			isa = PBXGroup;
			children = (
				30B2D0D2142B2CA5000AB5E1 /* extra */,
				30B2D0EA142B2CA5000AB5E1 /* src */,
			);
			path = "pure-data";
			sourceTree = "<group>";
		};
		30B2D0D2142B2CA5000AB5E1 /* extra */ = {
			isa = PBXGroup;
			children = (
				30B2D0D3142B2CA5000AB5E1 /* choice */,
				30B2D0D6142B2CA5000AB5E1 /* complex-mod~-help.pd */,
				30B2D0D7142B2CA5000AB5E1 /* complex-mod~.pd */,
				30B2D0D8142B2CA5000AB5E1 /* expr-help.pd */,
				30B2D0D9142B2CA5000AB5E1 /* hilbert~-help.pd */,
				30B2D0DA142B2CA5000AB5E1 /* hilbert~.pd */,
				30B2D0DB142B2CA5000AB5E1 /* pique */,
				30B2D0DE142B2CA5000AB5E1 /* README.txt */,
				30B2D0DF142B2CA5000AB5E1 /* rev1-final.pd */,
				30B2D0E0142B2CA5000AB5E1 /* rev1-stage.pd */,
				30B2D0E1142B2CA5000AB5E1 /* rev1~-help.pd */,
				30B2D0E2142B2CA5000AB5E1 /* rev1~.pd */,
				30B2D0E3142B2CA5000AB5E1 /* rev2~-help.pd */,
				30B2D0E4142B2CA5000AB5E1 /* rev2~.pd */,
				30B2D0E5142B2CA5000AB5E1 /* rev3~-help.pd */,
				30B2D0E6142B2CA5000AB5E1 /* rev3~.pd */,
				30B2D0E7142B2CA5000AB5E1 /* stdout */,
			);
			path = extra;
			sourceTree = "<group>";
		};
		30B2D0D3142B2CA5000AB5E1 /* choice */ = {
			isa = PBXGroup;
			children = (
				30B2D0D4142B2CA5000AB5E1 /* choice-help.pd */,
				30B2D0D5142B2CA5000AB5E1 /* choice.c */,
			);
			path = choice;
			sourceTree = "<group>";
		};
		30B2D0DB142B2CA5000AB5E1 /* pique */ = {
			isa = PBXGroup;
			children = (
				30B2D0DC142B2CA5000AB5E1 /* pique-help.pd */,
				30B2D0DD142B2CA5000AB5E1 /* pique.c */,
			);
			path = pique;
			sourceTree = "<group>";
		};
		30B2D0E7142B2CA5000AB5E1 /* stdout */ = {
			isa = PBXGroup;
			children = (
				30B2D0E8142B2CA5000AB5E1 /* stdout-help.pd */,
				30B2D0E9142B2CA5000AB5E1 /* stdout.c */,
			);
			path = stdout;
			sourceTree = "<group>";
		};
		30B2D0EA142B2CA5000AB5E1 /* src */ = {
			isa = PBXGroup;
			children = (
				30B2D0EB142B2CA5000AB5E1 /* d_arithmetic.c */,
				30B2D0EC142B2CA5000AB5E1 /* d_array.c */,
				30B2D0ED142B2CA5000AB5E1 /* d_ctl.c */,
				30B2D0EE142B2CA5000AB5E1 /* d_dac.c */,
				30B2D0EF142B2CA5000AB5E1 /* d_delay.c */,
				30B2D0F0142B2CA5000AB5E1 /* d_fft.c */,
				30B2D0F1142B2CA5000AB5E1 /* d_fft_mayer.c */,
				30B2D0F2142B2CA5000AB5E1 /* d_fftroutine.c */,
				30B2D0F3142B2CA5000AB5E1 /* d_filter.c */,
				30B2D0F4142B2CA5000AB5E1 /* d_global.c */,
				30B2D0F5142B2CA5000AB5E1 /* d_math.c */,
				30B2D0F6142B2CA5000AB5E1 /* d_misc.c */,
				30B2D0F7142B2CA5000AB5E1 /* d_osc.c */,
				30B2D0F8142B2CA5000AB5E1 /* d_resample.c */,
				30B2D0F9142B2CA5000AB5E1 /* d_soundfile.c */,
				30B2D0FA142B2CA5000AB5E1 /* d_ugen.c */,
				30B2D0FB142B2CA5000AB5E1 /* g_all_guis.c */,
				30B2D0FC142B2CA5000AB5E1 /* g_all_guis.h */,
				30B2D0FD142B2CA5000AB5E1 /* g_array.c */,
				30B2D0FE142B2CA5000AB5E1 /* g_bang.c */,
				30B2D0FF142B2CA5000AB5E1 /* g_canvas.c */,
				30B2D100142B2CA5000AB5E1 /* g_canvas.h */,
				30B2D101142B2CA5000AB5E1 /* g_editor.c */,
				30B2D102142B2CA5000AB5E1 /* g_graph.c */,
				30B2D103142B2CA5000AB5E1 /* g_guiconnect.c */,
				30B2D104142B2CA5000AB5E1 /* g_hdial.c */,
				30B2D105142B2CA5000AB5E1 /* g_hslider.c */,
				30B2D106142B2CA5000AB5E1 /* g_io.c */,
				30B2D107142B2CA5000AB5E1 /* g_mycanvas.c */,
				30B2D108142B2CA5000AB5E1 /* g_numbox.c */,
				30B2D109142B2CA5000AB5E1 /* g_readwrite.c */,
				30B2D10A142B2CA5000AB5E1 /* g_rtext.c */,
				30B2D10B142B2CA5000AB5E1 /* g_scalar.c */,
				30B2D10C142B2CA5000AB5E1 /* g_template.c */,
				30B2D10D142B2CA5000AB5E1 /* g_text.c */,
				30B2D10E142B2CA5000AB5E1 /* g_toggle.c */,
				30B2D10F142B2CA5000AB5E1 /* g_traversal.c */,
				30B2D110142B2CA5000AB5E1 /* g_vdial.c */,
				30B2D111142B2CA5000AB5E1 /* g_vslider.c */,
				30B2D112142B2CA5000AB5E1 /* g_vumeter.c */,
				30B2D113142B2CA5000AB5E1 /* m_atom.c */,
				30B2D114142B2CA5000AB5E1 /* m_binbuf.c */,
				30B2D115142B2CA5000AB5E1 /* m_class.c */,
				30B2D116142B2CA5000AB5E1 /* m_conf.c */,
				30B2D117142B2CA5000AB5E1 /* m_fixed.h */,
				30B2D118142B2CA5000AB5E1 /* m_glob.c */,
				30B2D119142B2CA5000AB5E1 /* m_imp.h */,
				30B2D11A142B2CA5000AB5E1 /* m_memory.c */,
				30B2D11B142B2CA5000AB5E1 /* m_obj.c */,
				30B2D11C142B2CA5000AB5E1 /* m_pd.c */,
				30B2D11D142B2CA5000AB5E1 /* m_pd.h */,
				30B2D11E142B2CA5000AB5E1 /* m_sched.c */,
				30B2D11F142B2CA5000AB5E1 /* s_audio.c */,
				30B2D120142B2CA5000AB5E1 /* s_audio_dummy.c */,
				30B2D121142B2CA5000AB5E1 /* s_file.c */,
				30B2D122142B2CA5000AB5E1 /* s_inter.c */,
				30B2D123142B2CA5000AB5E1 /* s_loader.c */,
				30B2D124142B2CA5000AB5E1 /* s_main.c */,
				30B2D125142B2CA5000AB5E1 /* s_path.c */,
				30B2D126142B2CA5000AB5E1 /* s_print.c */,
				30B2D127142B2CA5000AB5E1 /* s_stuff.h */,
				30B2D128142B2CA5000AB5E1 /* s_utf8.c */,
				30B2D129142B2CA5000AB5E1 /* s_utf8.h */,
				30B2D12A142B2CA5000AB5E1 /* x_acoustics.c */,
				30B2D12B142B2CA5000AB5E1 /* x_arithmetic.c */,
				30B2D12C142B2CA5000AB5E1 /* x_connective.c */,
				30B2D12D142B2CA5000AB5E1 /* x_gui.c */,
				30B2D12E142B2CA5000AB5E1 /* x_interface.c */,
				30B2D12F142B2CA5000AB5E1 /* x_list.c */,
				30B2D130142B2CA5000AB5E1 /* x_midi.c */,
				30B2D131142B2CA5000AB5E1 /* x_misc.c */,
				30B2D132142B2CA5000AB5E1 /* x_net.c */,
				30B2D133142B2CA5000AB5E1 /* x_qlist.c */,
				30B2D134142B2CA5000AB5E1 /* x_time.c */,
			);
			path = src;
			sourceTree = "<group>";
		};
		BB4B014C10F69532006C3DED /* addons */ = {
			isa = PBXGroup;
			children = (
				30B2D0C2142B2C8B000AB5E1 /* ofxPd */,
			);
			name = addons;
			sourceTree = "<group>";
		};
		BBAB23C913894ECA00AA2426 /* system frameworks */ = {
			isa = PBXGroup;
			children = (
				E4C2424410CC5A17004149E2 /* AppKit.framework */,
				E4C2424510CC5A17004149E2 /* Cocoa.framework */,
				E4C2424610CC5A17004149E2 /* IOKit.framework */,
				E45BE9710E8CC7DD009D7055 /* AGL.framework */,
				E45BE9720E8CC7DD009D7055 /* ApplicationServices.framework */,
				E45BE9730E8CC7DD009D7055 /* AudioToolbox.framework */,
				E45BE9740E8CC7DD009D7055 /* Carbon.framework */,
				E45BE9750E8CC7DD009D7055 /* CoreAudio.framework */,
				E45BE9760E8CC7DD009D7055 /* CoreFoundation.framework */,
				E45BE9770E8CC7DD009D7055 /* CoreServices.framework */,
				E45BE9790E8CC7DD009D7055 /* OpenGL.framework */,
				E45BE97A0E8CC7DD009D7055 /* QuickTime.framework */,
			);
			name = "system frameworks";
			sourceTree = "<group>";
		};
		BBAB23CA13894EDB00AA2426 /* 3rd party frameworks */ = {
			isa = PBXGroup;
			children = (
				BBAB23BE13894E4700AA2426 /* GLUT.framework */,
			);
			name = "3rd party frameworks";
			sourceTree = "<group>";
		};
		E4328144138ABC890047C5CB /* Products */ = {
			isa = PBXGroup;
			children = (
				E4328148138ABC890047C5CB /* openFrameworksDebug.a */,
			);
			name = Products;
			sourceTree = "<group>";
		};
		E45BE5980E8CC70C009D7055 /* frameworks */ = {
			isa = PBXGroup;
			children = (
				BBAB23CA13894EDB00AA2426 /* 3rd party frameworks */,
				BBAB23C913894ECA00AA2426 /* system frameworks */,
			);
			name = frameworks;
			sourceTree = "<group>";
		};
		E4B69B4A0A3A1720003C02F2 = {
			isa = PBXGroup;
			children = (
				E4B6FCAD0C3E899E008CF71C /* openFrameworks-Info.plist */,
				E4EB6923138AFD0F00A09F29 /* Project.xcconfig */,
				E4B69E1C0A3A1BDC003C02F2 /* src */,
				E4EEC9E9138DF44700A80321 /* openFrameworks */,
				BB4B014C10F69532006C3DED /* addons */,
				E45BE5980E8CC70C009D7055 /* frameworks */,
				E4B69B5B0A3A1756003C02F2 /* ofxPdExampleDebug.app */,
			);
			sourceTree = "<group>";
		};
		E4B69E1C0A3A1BDC003C02F2 /* src */ = {
			isa = PBXGroup;
			children = (
				30B2D0BF142B2C7A000AB5E1 /* AppCore.cpp */,
				30B2D0C0142B2C7A000AB5E1 /* AppCore.h */,
				E4B69E1D0A3A1BDC003C02F2 /* main.cpp */,
				E4B69E1E0A3A1BDC003C02F2 /* testApp.cpp */,
				E4B69E1F0A3A1BDC003C02F2 /* testApp.h */,
			);
			path = src;
			sourceTree = SOURCE_ROOT;
		};
		E4EEC9E9138DF44700A80321 /* openFrameworks */ = {
			isa = PBXGroup;
			children = (
				E4EB691F138AFCF100A09F29 /* CoreOF.xcconfig */,
				E4328143138ABC890047C5CB /* openFrameworksLib.xcodeproj */,
			);
			name = openFrameworks;
			sourceTree = "<group>";
		};
/* End PBXGroup section */

/* Begin PBXNativeTarget section */
		E4B69B5A0A3A1756003C02F2 /* ofxPdExample */ = {
			isa = PBXNativeTarget;
			buildConfigurationList = E4B69B5F0A3A1757003C02F2 /* Build configuration list for PBXNativeTarget "ofxPdExample" */;
			buildPhases = (
				E4B69B580A3A1756003C02F2 /* Sources */,
				E4B69B590A3A1756003C02F2 /* Frameworks */,
				E4B6FFFD0C3F9AB9008CF71C /* ShellScript */,
				E4C2427710CC5ABF004149E2 /* CopyFiles */,
			);
			buildRules = (
			);
			dependencies = (
				E4EEB9AC138B136A00A80321 /* PBXTargetDependency */,
			);
			name = ofxPdExample;
			productName = myOFApp;
			productReference = E4B69B5B0A3A1756003C02F2 /* ofxPdExampleDebug.app */;
			productType = "com.apple.product-type.application";
		};
/* End PBXNativeTarget section */

/* Begin PBXProject section */
		E4B69B4C0A3A1720003C02F2 /* Project object */ = {
			isa = PBXProject;
			attributes = {
				LastUpgradeCheck = 0420;
			};
			buildConfigurationList = E4B69B4D0A3A1720003C02F2 /* Build configuration list for PBXProject "ofxPdExample" */;
			compatibilityVersion = "Xcode 3.2";
			developmentRegion = English;
			hasScannedForEncodings = 0;
			knownRegions = (
				English,
				Japanese,
				French,
				German,
			);
			mainGroup = E4B69B4A0A3A1720003C02F2;
			productRefGroup = E4B69B4A0A3A1720003C02F2;
			projectDirPath = "";
			projectReferences = (
				{
					ProductGroup = E4328144138ABC890047C5CB /* Products */;
					ProjectRef = E4328143138ABC890047C5CB /* openFrameworksLib.xcodeproj */;
				},
			);
			projectRoot = "";
			targets = (
				E4B69B5A0A3A1756003C02F2 /* ofxPdExample */,
			);
		};
/* End PBXProject section */

/* Begin PBXReferenceProxy section */
		E4328148138ABC890047C5CB /* openFrameworksDebug.a */ = {
			isa = PBXReferenceProxy;
			fileType = archive.ar;
			path = openFrameworksDebug.a;
			remoteRef = E4328147138ABC890047C5CB /* PBXContainerItemProxy */;
			sourceTree = BUILT_PRODUCTS_DIR;
		};
/* End PBXReferenceProxy section */

/* Begin PBXShellScriptBuildPhase section */
		E4B6FFFD0C3F9AB9008CF71C /* ShellScript */ = {
			isa = PBXShellScriptBuildPhase;
			buildActionMask = 2147483647;
			files = (
			);
			inputPaths = (
			);
			outputPaths = (
			);
			runOnlyForDeploymentPostprocessing = 0;
			shellPath = /bin/sh;
			shellScript = "cp -f ../../../libs/fmodex/lib/osx/libfmodex.dylib \"$TARGET_BUILD_DIR/$PRODUCT_NAME.app/Contents/MacOS/libfmodex.dylib\"; install_name_tool -change ./libfmodex.dylib @executable_path/libfmodex.dylib \"$TARGET_BUILD_DIR/$PRODUCT_NAME.app/Contents/MacOS/$PRODUCT_NAME\";";
		};
/* End PBXShellScriptBuildPhase section */

/* Begin PBXSourcesBuildPhase section */
		E4B69B580A3A1756003C02F2 /* Sources */ = {
			isa = PBXSourcesBuildPhase;
			buildActionMask = 2147483647;
			files = (
				E4B69E200A3A1BDC003C02F2 /* main.cpp in Sources */,
				E4B69E210A3A1BDC003C02F2 /* testApp.cpp in Sources */,
				30B2D0C1142B2C7A000AB5E1 /* AppCore.cpp in Sources */,
				30B2D135142B2CA5000AB5E1 /* ofxPd.cpp in Sources */,
				30B2D137142B2CA5000AB5E1 /* s_libpdmidi.c in Sources */,
				30B2D138142B2CA5000AB5E1 /* x_libpdreceive.c in Sources */,
				30B2D139142B2CA5000AB5E1 /* z_libpd.c in Sources */,
				30B2D13A142B2CA5000AB5E1 /* choice.c in Sources */,
				30B2D13B142B2CA5000AB5E1 /* pique.c in Sources */,
				30B2D13C142B2CA5000AB5E1 /* stdout.c in Sources */,
				30B2D13D142B2CA5000AB5E1 /* d_arithmetic.c in Sources */,
				30B2D13E142B2CA5000AB5E1 /* d_array.c in Sources */,
				30B2D13F142B2CA5000AB5E1 /* d_ctl.c in Sources */,
				30B2D140142B2CA5000AB5E1 /* d_dac.c in Sources */,
				30B2D141142B2CA5000AB5E1 /* d_delay.c in Sources */,
				30B2D142142B2CA5000AB5E1 /* d_fft.c in Sources */,
				30B2D143142B2CA5000AB5E1 /* d_fft_mayer.c in Sources */,
				30B2D144142B2CA5000AB5E1 /* d_fftroutine.c in Sources */,
				30B2D145142B2CA5000AB5E1 /* d_filter.c in Sources */,
				30B2D146142B2CA5000AB5E1 /* d_global.c in Sources */,
				30B2D147142B2CA5000AB5E1 /* d_math.c in Sources */,
				30B2D148142B2CA5000AB5E1 /* d_misc.c in Sources */,
				30B2D149142B2CA5000AB5E1 /* d_osc.c in Sources */,
				30B2D14A142B2CA5000AB5E1 /* d_resample.c in Sources */,
				30B2D14B142B2CA5000AB5E1 /* d_soundfile.c in Sources */,
				30B2D14C142B2CA5000AB5E1 /* d_ugen.c in Sources */,
				30B2D14D142B2CA5000AB5E1 /* g_all_guis.c in Sources */,
				30B2D14E142B2CA5000AB5E1 /* g_array.c in Sources */,
				30B2D14F142B2CA5000AB5E1 /* g_bang.c in Sources */,
				30B2D150142B2CA5000AB5E1 /* g_canvas.c in Sources */,
				30B2D151142B2CA5000AB5E1 /* g_editor.c in Sources */,
				30B2D152142B2CA5000AB5E1 /* g_graph.c in Sources */,
				30B2D153142B2CA5000AB5E1 /* g_guiconnect.c in Sources */,
				30B2D154142B2CA5000AB5E1 /* g_hdial.c in Sources */,
				30B2D155142B2CA5000AB5E1 /* g_hslider.c in Sources */,
				30B2D156142B2CA5000AB5E1 /* g_io.c in Sources */,
				30B2D157142B2CA5000AB5E1 /* g_mycanvas.c in Sources */,
				30B2D158142B2CA5000AB5E1 /* g_numbox.c in Sources */,
				30B2D159142B2CA5000AB5E1 /* g_readwrite.c in Sources */,
				30B2D15A142B2CA5000AB5E1 /* g_rtext.c in Sources */,
				30B2D15B142B2CA5000AB5E1 /* g_scalar.c in Sources */,
				30B2D15C142B2CA5000AB5E1 /* g_template.c in Sources */,
				30B2D15D142B2CA5000AB5E1 /* g_text.c in Sources */,
				30B2D15E142B2CA5000AB5E1 /* g_toggle.c in Sources */,
				30B2D15F142B2CA5000AB5E1 /* g_traversal.c in Sources */,
				30B2D160142B2CA5000AB5E1 /* g_vdial.c in Sources */,
				30B2D161142B2CA5000AB5E1 /* g_vslider.c in Sources */,
				30B2D162142B2CA5000AB5E1 /* g_vumeter.c in Sources */,
				30B2D163142B2CA5000AB5E1 /* m_atom.c in Sources */,
				30B2D164142B2CA5000AB5E1 /* m_binbuf.c in Sources */,
				30B2D165142B2CA5000AB5E1 /* m_class.c in Sources */,
				30B2D166142B2CA5000AB5E1 /* m_conf.c in Sources */,
				30B2D167142B2CA5000AB5E1 /* m_glob.c in Sources */,
				30B2D168142B2CA5000AB5E1 /* m_memory.c in Sources */,
				30B2D169142B2CA5000AB5E1 /* m_obj.c in Sources */,
				30B2D16A142B2CA5000AB5E1 /* m_pd.c in Sources */,
				30B2D16B142B2CA5000AB5E1 /* m_sched.c in Sources */,
				30B2D16C142B2CA5000AB5E1 /* s_audio.c in Sources */,
				30B2D16D142B2CA5000AB5E1 /* s_audio_dummy.c in Sources */,
				30B2D16E142B2CA5000AB5E1 /* s_file.c in Sources */,
				30B2D16F142B2CA5000AB5E1 /* s_inter.c in Sources */,
				30B2D170142B2CA5000AB5E1 /* s_loader.c in Sources */,
				30B2D171142B2CA5000AB5E1 /* s_main.c in Sources */,
				30B2D172142B2CA5000AB5E1 /* s_path.c in Sources */,
				30B2D173142B2CA5000AB5E1 /* s_print.c in Sources */,
				30B2D174142B2CA5000AB5E1 /* s_utf8.c in Sources */,
				30B2D175142B2CA5000AB5E1 /* x_acoustics.c in Sources */,
				30B2D176142B2CA5000AB5E1 /* x_arithmetic.c in Sources */,
				30B2D177142B2CA5000AB5E1 /* x_connective.c in Sources */,
				30B2D178142B2CA5000AB5E1 /* x_gui.c in Sources */,
				30B2D179142B2CA5000AB5E1 /* x_interface.c in Sources */,
				30B2D17A142B2CA5000AB5E1 /* x_list.c in Sources */,
				30B2D17B142B2CA5000AB5E1 /* x_midi.c in Sources */,
				30B2D17C142B2CA5000AB5E1 /* x_misc.c in Sources */,
				30B2D17D142B2CA5000AB5E1 /* x_net.c in Sources */,
				30B2D17E142B2CA5000AB5E1 /* x_qlist.c in Sources */,
				30B2D17F142B2CA5000AB5E1 /* x_time.c in Sources */,
				3000D8EE145D1029009FC3EC /* PdBase.cpp in Sources */,
				3000D8EF145D1029009FC3EC /* PdTypes.cpp in Sources */,
			);
			runOnlyForDeploymentPostprocessing = 0;
		};
/* End PBXSourcesBuildPhase section */

/* Begin PBXTargetDependency section */
		E4EEB9AC138B136A00A80321 /* PBXTargetDependency */ = {
			isa = PBXTargetDependency;
			name = openFrameworks;
			targetProxy = E4EEB9AB138B136A00A80321 /* PBXContainerItemProxy */;
		};
/* End PBXTargetDependency section */

/* Begin XCBuildConfiguration section */
		E4B69B4E0A3A1720003C02F2 /* Debug */ = {
			isa = XCBuildConfiguration;
			baseConfigurationReference = E4EB6923138AFD0F00A09F29 /* Project.xcconfig */;
			buildSettings = {
				ARCHS = "$(NATIVE_ARCH)";
				CONFIGURATION_BUILD_DIR = "$(SRCROOT)/bin/";
				COPY_PHASE_STRIP = NO;
				DEAD_CODE_STRIPPING = YES;
				GCC_AUTO_VECTORIZATION = YES;
				GCC_ENABLE_SSE3_EXTENSIONS = YES;
				GCC_ENABLE_SUPPLEMENTAL_SSE3_INSTRUCTIONS = YES;
				GCC_INLINES_ARE_PRIVATE_EXTERN = NO;
				GCC_MODEL_TUNING = G5;
				GCC_SYMBOLS_PRIVATE_EXTERN = NO;
				GCC_WARN_ABOUT_DEPRECATED_FUNCTIONS = NO;
				GCC_WARN_ABOUT_INVALID_OFFSETOF_MACRO = NO;
				GCC_WARN_ALLOW_INCOMPLETE_PROTOCOL = NO;
				GCC_WARN_UNINITIALIZED_AUTOS = NO;
				GCC_WARN_UNUSED_VALUE = NO;
				GCC_WARN_UNUSED_VARIABLE = NO;
				OTHER_CPLUSPLUSFLAGS = (
					"-D__MACOSX_CORE__",
					"-lpthread",
				);
			};
			name = Debug;
		};
		E4B69B4F0A3A1720003C02F2 /* Release */ = {
			isa = XCBuildConfiguration;
			baseConfigurationReference = E4EB6923138AFD0F00A09F29 /* Project.xcconfig */;
			buildSettings = {
				ARCHS = "$(NATIVE_ARCH)";
				CONFIGURATION_BUILD_DIR = "$(SRCROOT)/bin/";
				COPY_PHASE_STRIP = YES;
				DEAD_CODE_STRIPPING = YES;
				GCC_AUTO_VECTORIZATION = YES;
				GCC_ENABLE_SSE3_EXTENSIONS = YES;
				GCC_ENABLE_SUPPLEMENTAL_SSE3_INSTRUCTIONS = YES;
				GCC_INLINES_ARE_PRIVATE_EXTERN = NO;
				GCC_MODEL_TUNING = G5;
				GCC_OPTIMIZATION_LEVEL = 3;
				GCC_SYMBOLS_PRIVATE_EXTERN = NO;
				GCC_UNROLL_LOOPS = YES;
				GCC_WARN_ABOUT_DEPRECATED_FUNCTIONS = NO;
				GCC_WARN_ABOUT_INVALID_OFFSETOF_MACRO = NO;
				GCC_WARN_ALLOW_INCOMPLETE_PROTOCOL = NO;
				GCC_WARN_UNINITIALIZED_AUTOS = NO;
				GCC_WARN_UNUSED_VALUE = NO;
				GCC_WARN_UNUSED_VARIABLE = NO;
				OTHER_CPLUSPLUSFLAGS = (
					"-D__MACOSX_CORE__",
					"-lpthread",
				);
			};
			name = Release;
		};
		E4B69B600A3A1757003C02F2 /* Debug */ = {
			isa = XCBuildConfiguration;
			buildSettings = {
				COPY_PHASE_STRIP = NO;
				FRAMEWORK_SEARCH_PATHS = (
					"$(inherited)",
					"$(FRAMEWORK_SEARCH_PATHS_QUOTED_FOR_TARGET_1)",
				);
				FRAMEWORK_SEARCH_PATHS_QUOTED_FOR_TARGET_1 = "\"$(SRCROOT)/../../../libs/glut/lib/osx\"";
				GCC_DYNAMIC_NO_PIC = NO;
				GCC_GENERATE_DEBUGGING_SYMBOLS = YES;
				GCC_MODEL_TUNING = G4;
				GCC_PRECOMPILE_PREFIX_HEADER = YES;
				GCC_PREFIX_HEADER = "$(SYSTEM_LIBRARY_DIR)/Frameworks/Carbon.framework/Headers/Carbon.h";
				INFOPLIST_FILE = "openFrameworks-Info.plist";
				INSTALL_PATH = "$(HOME)/Applications";
				LIBRARY_SEARCH_PATHS = (
					"$(inherited)",
					"$(LIBRARY_SEARCH_PATHS_QUOTED_FOR_TARGET_1)",
					"$(LIBRARY_SEARCH_PATHS_QUOTED_FOR_TARGET_2)",
					"$(LIBRARY_SEARCH_PATHS_QUOTED_FOR_TARGET_3)",
					"$(LIBRARY_SEARCH_PATHS_QUOTED_FOR_TARGET_4)",
					"$(LIBRARY_SEARCH_PATHS_QUOTED_FOR_TARGET_5)",
					"$(LIBRARY_SEARCH_PATHS_QUOTED_FOR_TARGET_6)",
					"$(LIBRARY_SEARCH_PATHS_QUOTED_FOR_TARGET_7)",
					"$(LIBRARY_SEARCH_PATHS_QUOTED_FOR_TARGET_8)",
					"$(LIBRARY_SEARCH_PATHS_QUOTED_FOR_TARGET_9)",
					"$(LIBRARY_SEARCH_PATHS_QUOTED_FOR_TARGET_10)",
					"$(LIBRARY_SEARCH_PATHS_QUOTED_FOR_TARGET_11)",
					"$(LIBRARY_SEARCH_PATHS_QUOTED_FOR_TARGET_12)",
					"$(LIBRARY_SEARCH_PATHS_QUOTED_FOR_TARGET_13)",
					"$(LIBRARY_SEARCH_PATHS_QUOTED_FOR_TARGET_14)",
					"$(LIBRARY_SEARCH_PATHS_QUOTED_FOR_TARGET_15)",
					"$(LIBRARY_SEARCH_PATHS_QUOTED_FOR_TARGET_2)",
					"$(LIBRARY_SEARCH_PATHS_QUOTED_FOR_TARGET_3)",
					"$(LIBRARY_SEARCH_PATHS_QUOTED_FOR_TARGET_7)",
					"$(LIBRARY_SEARCH_PATHS_QUOTED_FOR_TARGET_8)",
					"$(LIBRARY_SEARCH_PATHS_QUOTED_FOR_TARGET_9)",
					"$(LIBRARY_SEARCH_PATHS_QUOTED_FOR_TARGET_10)",
					"$(LIBRARY_SEARCH_PATHS_QUOTED_FOR_TARGET_11)",
					"$(LIBRARY_SEARCH_PATHS_QUOTED_FOR_TARGET_12)",
					"$(LIBRARY_SEARCH_PATHS_QUOTED_FOR_TARGET_13)",
					"$(LIBRARY_SEARCH_PATHS_QUOTED_FOR_TARGET_16)",
					"$(LIBRARY_SEARCH_PATHS_QUOTED_FOR_TARGET_17)",
					"$(LIBRARY_SEARCH_PATHS_QUOTED_FOR_TARGET_18)",
					"$(LIBRARY_SEARCH_PATHS_QUOTED_FOR_TARGET_19)",
					"$(LIBRARY_SEARCH_PATHS_QUOTED_FOR_TARGET_20)",
					"$(LIBRARY_SEARCH_PATHS_QUOTED_FOR_TARGET_21)",
					"$(LIBRARY_SEARCH_PATHS_QUOTED_FOR_TARGET_22)",
					"$(LIBRARY_SEARCH_PATHS_QUOTED_FOR_TARGET_23)",
					"$(LIBRARY_SEARCH_PATHS_QUOTED_FOR_TARGET_24)",
					"$(LIBRARY_SEARCH_PATHS_QUOTED_FOR_TARGET_25)",
					"$(LIBRARY_SEARCH_PATHS_QUOTED_FOR_TARGET_26)",
					"$(LIBRARY_SEARCH_PATHS_QUOTED_FOR_TARGET_27)",
					"$(LIBRARY_SEARCH_PATHS_QUOTED_FOR_TARGET_28)",
					"$(LIBRARY_SEARCH_PATHS_QUOTED_FOR_TARGET_29)",
					"$(LIBRARY_SEARCH_PATHS_QUOTED_FOR_TARGET_30)",
					"$(LIBRARY_SEARCH_PATHS_QUOTED_FOR_TARGET_31)",
					"$(LIBRARY_SEARCH_PATHS_QUOTED_FOR_TARGET_32)",
					"$(LIBRARY_SEARCH_PATHS_QUOTED_FOR_TARGET_33)",
					"$(LIBRARY_SEARCH_PATHS_QUOTED_FOR_TARGET_34)",
					"$(LIBRARY_SEARCH_PATHS_QUOTED_FOR_TARGET_35)",
					"$(LIBRARY_SEARCH_PATHS_QUOTED_FOR_TARGET_36)",
					"$(LIBRARY_SEARCH_PATHS_QUOTED_FOR_TARGET_37)",
					"$(LIBRARY_SEARCH_PATHS_QUOTED_FOR_TARGET_38)",
					"$(LIBRARY_SEARCH_PATHS_QUOTED_FOR_TARGET_39)",
					"$(LIBRARY_SEARCH_PATHS_QUOTED_FOR_TARGET_40)",
					"$(LIBRARY_SEARCH_PATHS_QUOTED_FOR_TARGET_41)",
					"$(LIBRARY_SEARCH_PATHS_QUOTED_FOR_TARGET_42)",
					"$(LIBRARY_SEARCH_PATHS_QUOTED_FOR_TARGET_43)",
					"$(LIBRARY_SEARCH_PATHS_QUOTED_FOR_TARGET_44)",
					"$(LIBRARY_SEARCH_PATHS_QUOTED_FOR_TARGET_45)",
					"$(LIBRARY_SEARCH_PATHS_QUOTED_FOR_TARGET_46)",
					"$(LIBRARY_SEARCH_PATHS_QUOTED_FOR_TARGET_47)",
					"$(LIBRARY_SEARCH_PATHS_QUOTED_FOR_TARGET_48)",
					"$(LIBRARY_SEARCH_PATHS_QUOTED_FOR_TARGET_49)",
					"$(LIBRARY_SEARCH_PATHS_QUOTED_FOR_TARGET_50)",
					"$(LIBRARY_SEARCH_PATHS_QUOTED_FOR_TARGET_51)",
					"$(LIBRARY_SEARCH_PATHS_QUOTED_FOR_TARGET_52)",
				);
				PRODUCT_NAME = ofxPdExampleDebug;
				WRAPPER_EXTENSION = app;
			};
			name = Debug;
		};
		E4B69B610A3A1757003C02F2 /* Release */ = {
			isa = XCBuildConfiguration;
			buildSettings = {
				COPY_PHASE_STRIP = YES;
				FRAMEWORK_SEARCH_PATHS = (
					"$(inherited)",
					"$(FRAMEWORK_SEARCH_PATHS_QUOTED_FOR_TARGET_1)",
				);
				FRAMEWORK_SEARCH_PATHS_QUOTED_FOR_TARGET_1 = "\"$(SRCROOT)/../../../libs/glut/lib/osx\"";
				GCC_GENERATE_DEBUGGING_SYMBOLS = NO;
				GCC_MODEL_TUNING = G4;
				GCC_PRECOMPILE_PREFIX_HEADER = YES;
				GCC_PREFIX_HEADER = "$(SYSTEM_LIBRARY_DIR)/Frameworks/Carbon.framework/Headers/Carbon.h";
				INFOPLIST_FILE = "openFrameworks-Info.plist";
				INSTALL_PATH = "$(HOME)/Applications";
				LIBRARY_SEARCH_PATHS = (
					"$(inherited)",
					"$(LIBRARY_SEARCH_PATHS_QUOTED_FOR_TARGET_1)",
					"$(LIBRARY_SEARCH_PATHS_QUOTED_FOR_TARGET_2)",
					"$(LIBRARY_SEARCH_PATHS_QUOTED_FOR_TARGET_3)",
					"$(LIBRARY_SEARCH_PATHS_QUOTED_FOR_TARGET_4)",
					"$(LIBRARY_SEARCH_PATHS_QUOTED_FOR_TARGET_5)",
					"$(LIBRARY_SEARCH_PATHS_QUOTED_FOR_TARGET_6)",
					"$(LIBRARY_SEARCH_PATHS_QUOTED_FOR_TARGET_7)",
					"$(LIBRARY_SEARCH_PATHS_QUOTED_FOR_TARGET_8)",
					"$(LIBRARY_SEARCH_PATHS_QUOTED_FOR_TARGET_9)",
					"$(LIBRARY_SEARCH_PATHS_QUOTED_FOR_TARGET_10)",
					"$(LIBRARY_SEARCH_PATHS_QUOTED_FOR_TARGET_11)",
					"$(LIBRARY_SEARCH_PATHS_QUOTED_FOR_TARGET_12)",
					"$(LIBRARY_SEARCH_PATHS_QUOTED_FOR_TARGET_13)",
					"$(LIBRARY_SEARCH_PATHS_QUOTED_FOR_TARGET_14)",
					"$(LIBRARY_SEARCH_PATHS_QUOTED_FOR_TARGET_15)",
					"$(LIBRARY_SEARCH_PATHS_QUOTED_FOR_TARGET_2)",
					"$(LIBRARY_SEARCH_PATHS_QUOTED_1)",
					"$(LIBRARY_SEARCH_PATHS_QUOTED_FOR_TARGET_3)",
					"$(LIBRARY_SEARCH_PATHS_QUOTED_FOR_TARGET_7)",
					"$(LIBRARY_SEARCH_PATHS_QUOTED_FOR_TARGET_8)",
					"$(LIBRARY_SEARCH_PATHS_QUOTED_FOR_TARGET_9)",
					"$(LIBRARY_SEARCH_PATHS_QUOTED_FOR_TARGET_10)",
					"$(LIBRARY_SEARCH_PATHS_QUOTED_FOR_TARGET_11)",
					"$(LIBRARY_SEARCH_PATHS_QUOTED_FOR_TARGET_12)",
					"$(LIBRARY_SEARCH_PATHS_QUOTED_FOR_TARGET_13)",
					"$(LIBRARY_SEARCH_PATHS_QUOTED_FOR_TARGET_16)",
					"$(LIBRARY_SEARCH_PATHS_QUOTED_FOR_TARGET_17)",
					"$(LIBRARY_SEARCH_PATHS_QUOTED_FOR_TARGET_18)",
					"$(LIBRARY_SEARCH_PATHS_QUOTED_FOR_TARGET_19)",
					"$(LIBRARY_SEARCH_PATHS_QUOTED_FOR_TARGET_20)",
					"$(LIBRARY_SEARCH_PATHS_QUOTED_FOR_TARGET_21)",
					"$(LIBRARY_SEARCH_PATHS_QUOTED_FOR_TARGET_22)",
					"$(LIBRARY_SEARCH_PATHS_QUOTED_FOR_TARGET_23)",
					"$(LIBRARY_SEARCH_PATHS_QUOTED_FOR_TARGET_24)",
					"$(LIBRARY_SEARCH_PATHS_QUOTED_FOR_TARGET_25)",
					"$(LIBRARY_SEARCH_PATHS_QUOTED_FOR_TARGET_26)",
					"$(LIBRARY_SEARCH_PATHS_QUOTED_FOR_TARGET_27)",
					"$(LIBRARY_SEARCH_PATHS_QUOTED_FOR_TARGET_28)",
					"$(LIBRARY_SEARCH_PATHS_QUOTED_FOR_TARGET_29)",
					"$(LIBRARY_SEARCH_PATHS_QUOTED_FOR_TARGET_30)",
					"$(LIBRARY_SEARCH_PATHS_QUOTED_FOR_TARGET_31)",
					"$(LIBRARY_SEARCH_PATHS_QUOTED_FOR_TARGET_32)",
					"$(LIBRARY_SEARCH_PATHS_QUOTED_FOR_TARGET_33)",
					"$(LIBRARY_SEARCH_PATHS_QUOTED_FOR_TARGET_34)",
					"$(LIBRARY_SEARCH_PATHS_QUOTED_FOR_TARGET_35)",
					"$(LIBRARY_SEARCH_PATHS_QUOTED_FOR_TARGET_36)",
					"$(LIBRARY_SEARCH_PATHS_QUOTED_FOR_TARGET_37)",
					"$(LIBRARY_SEARCH_PATHS_QUOTED_FOR_TARGET_38)",
					"$(LIBRARY_SEARCH_PATHS_QUOTED_FOR_TARGET_39)",
					"$(LIBRARY_SEARCH_PATHS_QUOTED_FOR_TARGET_40)",
					"$(LIBRARY_SEARCH_PATHS_QUOTED_FOR_TARGET_41)",
					"$(LIBRARY_SEARCH_PATHS_QUOTED_FOR_TARGET_42)",
					"$(LIBRARY_SEARCH_PATHS_QUOTED_FOR_TARGET_43)",
					"$(LIBRARY_SEARCH_PATHS_QUOTED_FOR_TARGET_44)",
					"$(LIBRARY_SEARCH_PATHS_QUOTED_FOR_TARGET_45)",
					"$(LIBRARY_SEARCH_PATHS_QUOTED_FOR_TARGET_46)",
					"$(LIBRARY_SEARCH_PATHS_QUOTED_FOR_TARGET_47)",
					"$(LIBRARY_SEARCH_PATHS_QUOTED_FOR_TARGET_48)",
					"$(LIBRARY_SEARCH_PATHS_QUOTED_FOR_TARGET_49)",
					"$(LIBRARY_SEARCH_PATHS_QUOTED_FOR_TARGET_50)",
					"$(LIBRARY_SEARCH_PATHS_QUOTED_FOR_TARGET_51)",
				);
				PRODUCT_NAME = ofxPdExample;
				WRAPPER_EXTENSION = app;
			};
			name = Release;
		};
/* End XCBuildConfiguration section */

/* Begin XCConfigurationList section */
		E4B69B4D0A3A1720003C02F2 /* Build configuration list for PBXProject "ofxPdExample" */ = {
			isa = XCConfigurationList;
			buildConfigurations = (
				E4B69B4E0A3A1720003C02F2 /* Debug */,
				E4B69B4F0A3A1720003C02F2 /* Release */,
			);
			defaultConfigurationIsVisible = 0;
			defaultConfigurationName = Release;
		};
		E4B69B5F0A3A1757003C02F2 /* Build configuration list for PBXNativeTarget "ofxPdExample" */ = {
			isa = XCConfigurationList;
			buildConfigurations = (
				E4B69B600A3A1757003C02F2 /* Debug */,
				E4B69B610A3A1757003C02F2 /* Release */,
			);
			defaultConfigurationIsVisible = 0;
			defaultConfigurationName = Release;
		};
/* End XCConfigurationList section */
	};
	rootObject = E4B69B4C0A3A1720003C02F2 /* Project object */;
}
